{
  "name": "agent-trust",
  "version": "0.1.0",
  "lockfileVersion": 3,
  "requires": true,
  "packages": {
    "": {
      "name": "agent-trust",
      "version": "0.1.0",
      "license": "Apache-2.0",
      "bin": {
        "agent-trust": "lib/cli.js",
        "at": "lib/cli.js"
      },
      "devDependencies": {},
      "engines": {
        "node": ">=20"
      }
    }
  }
}
